{
  "name": "etc",
  "lockfileVersion": 3,
  "requires": true,
  "packages": {
    "": {
      "dependencies": {
        "ts-priority-queue": "^0.1.1"
      }
    },
    "node_modules/ts-priority-queue": {
      "version": "0.1.1",
      "resolved": "https://registry.npmjs.org/ts-priority-queue/-/ts-priority-queue-0.1.1.tgz",
      "integrity": "sha512-jNwbk4ItfTHVopnlQ/Z7UUlbF1TNsdXS2cb1W8kI6lm8UauIjs8CYSOEh1E/yrIEhl+HVFUMp60ma6fKuvBhBQ=="
    }
  }
}
